{
  "version": 4,
  "terraform_version": "1.15.1",
  "serial": 88,
  "lineage": "ff4d752e-63b5-c525-80ce-ad49d0f9b226",
  "outputs": {
    "public_ip": {
      "value": [
        "44.254.255.177",
        "35.91.111.176",
        "18.237.167.128"
      ],
      "type": [
        "tuple",
        [
          "string",
          "string",
          "string"
        ]
      ]
    }
  },
  "resources": [
    {
      "mode": "managed",
      "type": "aws_default_vpc",
      "name": "mpsaps_vpc",
      "provider": "provider[\"registry.terraform.io/hashicorp/aws\"]",
      "instances": [
        {
          "schema_version": 1,
          "attributes": {
            "arn": "arn:aws:ec2:us-west-2:800380166662:vpc/vpc-0e69c474f21408bd5",
            "assign_generated_ipv6_cidr_block": false,
            "cidr_block": "172.31.0.0/16",
            "default_network_acl_id": "acl-0f11b0fe86c5f9ceb",
            "default_route_table_id": "rtb-074282999c712a487",
            "default_security_group_id": "sg-054b13dce7087238c",
            "dhcp_options_id": "dopt-0ee7f9579c08b351f",
            "enable_dns_hostnames": true,
            "enable_dns_support": true,
            "enable_network_address_usage_metrics": false,
            "existing_default_vpc": true,
            "force_destroy": false,
            "id": "vpc-0e69c474f21408bd5",
            "instance_tenancy": "default",
            "ipv6_association_id": "",
            "ipv6_cidr_block": "",
            "ipv6_cidr_block_network_border_group": "",
            "ipv6_ipam_pool_id": "",
            "ipv6_netmask_length": 0,
            "main_route_table_id": "rtb-074282999c712a487",
            "owner_id": "800380166662",
            "region": "us-west-2",
            "tags": {},
            "tags_all": {}
          },
          "sensitive_attributes": [],
          "identity_schema_version": 0,
          "identity": {
            "account_id": "800380166662",
            "id": "vpc-0e69c474f21408bd5",
            "region": "us-west-2"
          },
          "private": "eyJzY2hlbWFfdmVyc2lvbiI6IjEifQ=="
        }
      ]
    },
    {
      "mode": "managed",
      "type": "aws_instance",
      "name": "mpsaps_instance",
      "provider": "provider[\"registry.terraform.io/hashicorp/aws\"]",
      "instances": [
        {
          "index_key": "pradeep",
          "schema_version": 2,
          "attributes": {
            "ami": "ami-02167eae61967e403",
            "arn": "arn:aws:ec2:us-west-2:800380166662:instance/i-0a905acb88897fe4a",
            "associate_public_ip_address": true,
            "availability_zone": "us-west-2c",
            "capacity_reservation_specification": [
              {
                "capacity_reservation_preference": "open",
                "capacity_reservation_target": []
              }
            ],
            "cpu_options": [
              {
                "amd_sev_snp": "",
                "core_count": 1,
                "nested_virtualization": "",
                "threads_per_core": 2
              }
            ],
            "credit_specification": [
              {
                "cpu_credits": "unlimited"
              }
            ],
            "disable_api_stop": false,
            "disable_api_termination": false,
            "ebs_block_device": [],
            "ebs_optimized": false,
            "enable_primary_ipv6": null,
            "enclave_options": [
              {
                "enabled": false
              }
            ],
            "ephemeral_block_device": [],
            "force_destroy": false,
            "get_password_data": false,
            "hibernation": false,
            "host_id": "",
            "host_resource_group_arn": null,
            "iam_instance_profile": "",
            "id": "i-0a905acb88897fe4a",
            "instance_initiated_shutdown_behavior": "stop",
            "instance_lifecycle": "",
            "instance_market_options": [],
            "instance_state": "running",
            "instance_type": "t3.micro",
            "ipv6_address_count": 0,
            "ipv6_addresses": [],
            "key_name": "terraform-key",
            "launch_template": [],
            "maintenance_options": [
              {
                "auto_recovery": "default"
              }
            ],
            "metadata_options": [
              {
                "http_endpoint": "enabled",
                "http_protocol_ipv6": "disabled",
                "http_put_response_hop_limit": 2,
                "http_tokens": "required",
                "instance_metadata_tags": "disabled"
              }
            ],
            "monitoring": false,
            "network_interface": [],
            "outpost_arn": "",
            "password_data": "",
            "placement_group": "",
            "placement_group_id": "",
            "placement_partition_number": 0,
            "primary_network_interface": [
              {
                "delete_on_termination": true,
                "network_interface_id": "eni-0973b023eca0f831d"
              }
            ],
            "primary_network_interface_id": "eni-0973b023eca0f831d",
            "private_dns": "ip-172-31-9-161.us-west-2.compute.internal",
            "private_dns_name_options": [
              {
                "enable_resource_name_dns_a_record": false,
                "enable_resource_name_dns_aaaa_record": false,
                "hostname_type": "ip-name"
              }
            ],
            "private_ip": "172.31.9.161",
            "public_dns": "ec2-44-254-255-177.us-west-2.compute.amazonaws.com",
            "public_ip": "44.254.255.177",
            "region": "us-west-2",
            "root_block_device": [
              {
                "delete_on_termination": true,
                "device_name": "/dev/sda1",
                "encrypted": false,
                "iops": 3000,
                "kms_key_id": "",
                "tags": {},
                "tags_all": {},
                "throughput": 125,
                "volume_id": "vol-0b620c57d2a955927",
                "volume_size": 15,
                "volume_type": "gp3"
              }
            ],
            "secondary_network_interface": [],
            "secondary_private_ips": [],
            "security_groups": [
              "mpsaps_security"
            ],
            "source_dest_check": true,
            "spot_instance_request_id": "",
            "subnet_id": "subnet-0f0e9218e9eaf07fc",
            "tags": {
              "Name": "pradeep"
            },
            "tags_all": {
              "Name": "pradeep"
            },
            "tenancy": "default",
            "timeouts": null,
            "user_data": null,
            "user_data_base64": null,
            "user_data_replace_on_change": false,
            "volume_tags": null,
            "vpc_security_group_ids": [
              "sg-0c59a927ba8786b83"
            ]
          },
          "sensitive_attributes": [],
          "identity_schema_version": 0,
          "identity": {
            "account_id": "800380166662",
            "id": "i-0a905acb88897fe4a",
            "region": "us-west-2"
          },
          "private": "eyJlMmJmYjczMC1lY2FhLTExZTYtOGY4OC0zNDM2M2JjN2M0YzAiOnsiY3JlYXRlIjo2MDAwMDAwMDAwMDAsImRlbGV0ZSI6MTIwMDAwMDAwMDAwMCwicmVhZCI6OTAwMDAwMDAwMDAwLCJ1cGRhdGUiOjYwMDAwMDAwMDAwMH0sInNjaGVtYV92ZXJzaW9uIjoiMiJ9",
          "dependencies": [
            "aws_default_vpc.mpsaps_vpc",
            "aws_key_pair.my_key",
            "aws_security_group.mpsaps_sg"
          ]
        },
        {
          "index_key": "shivani",
          "schema_version": 2,
          "attributes": {
            "ami": "ami-02167eae61967e403",
            "arn": "arn:aws:ec2:us-west-2:800380166662:instance/i-0c73f1ce832c73563",
            "associate_public_ip_address": true,
            "availability_zone": "us-west-2c",
            "capacity_reservation_specification": [
              {
                "capacity_reservation_preference": "open",
                "capacity_reservation_target": []
              }
            ],
            "cpu_options": [
              {
                "amd_sev_snp": "",
                "core_count": 1,
                "nested_virtualization": "",
                "threads_per_core": 2
              }
            ],
            "credit_specification": [
              {
                "cpu_credits": "unlimited"
              }
            ],
            "disable_api_stop": false,
            "disable_api_termination": false,
            "ebs_block_device": [],
            "ebs_optimized": false,
            "enable_primary_ipv6": null,
            "enclave_options": [
              {
                "enabled": false
              }
            ],
            "ephemeral_block_device": [],
            "force_destroy": false,
            "get_password_data": false,
            "hibernation": false,
            "host_id": "",
            "host_resource_group_arn": null,
            "iam_instance_profile": "",
            "id": "i-0c73f1ce832c73563",
            "instance_initiated_shutdown_behavior": "stop",
            "instance_lifecycle": "",
            "instance_market_options": [],
            "instance_state": "running",
            "instance_type": "t3.micro",
            "ipv6_address_count": 0,
            "ipv6_addresses": [],
            "key_name": "terraform-key",
            "launch_template": [],
            "maintenance_options": [
              {
                "auto_recovery": "default"
              }
            ],
            "metadata_options": [
              {
                "http_endpoint": "enabled",
                "http_protocol_ipv6": "disabled",
                "http_put_response_hop_limit": 2,
                "http_tokens": "required",
                "instance_metadata_tags": "disabled"
              }
            ],
            "monitoring": false,
            "network_interface": [],
            "outpost_arn": "",
            "password_data": "",
            "placement_group": "",
            "placement_group_id": "",
            "placement_partition_number": 0,
            "primary_network_interface": [
              {
                "delete_on_termination": true,
                "network_interface_id": "eni-0c8b5b4a9f368edc9"
              }
            ],
            "primary_network_interface_id": "eni-0c8b5b4a9f368edc9",
            "private_dns": "ip-172-31-15-243.us-west-2.compute.internal",
            "private_dns_name_options": [
              {
                "enable_resource_name_dns_a_record": false,
                "enable_resource_name_dns_aaaa_record": false,
                "hostname_type": "ip-name"
              }
            ],
            "private_ip": "172.31.15.243",
            "public_dns": "ec2-35-91-111-176.us-west-2.compute.amazonaws.com",
            "public_ip": "35.91.111.176",
            "region": "us-west-2",
            "root_block_device": [
              {
                "delete_on_termination": true,
                "device_name": "/dev/sda1",
                "encrypted": false,
                "iops": 3000,
                "kms_key_id": "",
                "tags": {},
                "tags_all": {},
                "throughput": 125,
                "volume_id": "vol-0527aff819c0c0756",
                "volume_size": 15,
                "volume_type": "gp3"
              }
            ],
            "secondary_network_interface": [],
            "secondary_private_ips": [],
            "security_groups": [
              "mpsaps_security"
            ],
            "source_dest_check": true,
            "spot_instance_request_id": "",
            "subnet_id": "subnet-0f0e9218e9eaf07fc",
            "tags": {
              "Name": "shivani"
            },
            "tags_all": {
              "Name": "shivani"
            },
            "tenancy": "default",
            "timeouts": null,
            "user_data": null,
            "user_data_base64": null,
            "user_data_replace_on_change": false,
            "volume_tags": null,
            "vpc_security_group_ids": [
              "sg-0c59a927ba8786b83"
            ]
          },
          "sensitive_attributes": [],
          "identity_schema_version": 0,
          "identity": {
            "account_id": "800380166662",
            "id": "i-0c73f1ce832c73563",
            "region": "us-west-2"
          },
          "private": "eyJlMmJmYjczMC1lY2FhLTExZTYtOGY4OC0zNDM2M2JjN2M0YzAiOnsiY3JlYXRlIjo2MDAwMDAwMDAwMDAsImRlbGV0ZSI6MTIwMDAwMDAwMDAwMCwicmVhZCI6OTAwMDAwMDAwMDAwLCJ1cGRhdGUiOjYwMDAwMDAwMDAwMH0sInNjaGVtYV92ZXJzaW9uIjoiMiJ9",
          "dependencies": [
            "aws_default_vpc.mpsaps_vpc",
            "aws_key_pair.my_key",
            "aws_security_group.mpsaps_sg"
          ]
        },
        {
          "index_key": "yashika",
          "schema_version": 2,
          "attributes": {
            "ami": "ami-02167eae61967e403",
            "arn": "arn:aws:ec2:us-west-2:800380166662:instance/i-054a05fa7a1193265",
            "associate_public_ip_address": true,
            "availability_zone": "us-west-2c",
            "capacity_reservation_specification": [
              {
                "capacity_reservation_preference": "open",
                "capacity_reservation_target": []
              }
            ],
            "cpu_options": [
              {
                "amd_sev_snp": "",
                "core_count": 1,
                "nested_virtualization": "",
                "threads_per_core": 2
              }
            ],
            "credit_specification": [
              {
                "cpu_credits": "unlimited"
              }
            ],
            "disable_api_stop": false,
            "disable_api_termination": false,
            "ebs_block_device": [],
            "ebs_optimized": false,
            "enable_primary_ipv6": null,
            "enclave_options": [
              {
                "enabled": false
              }
            ],
            "ephemeral_block_device": [],
            "force_destroy": false,
            "get_password_data": false,
            "hibernation": false,
            "host_id": "",
            "host_resource_group_arn": null,
            "iam_instance_profile": "",
            "id": "i-054a05fa7a1193265",
            "instance_initiated_shutdown_behavior": "stop",
            "instance_lifecycle": "",
            "instance_market_options": [],
            "instance_state": "running",
            "instance_type": "t3.micro",
            "ipv6_address_count": 0,
            "ipv6_addresses": [],
            "key_name": "terraform-key",
            "launch_template": [],
            "maintenance_options": [
              {
                "auto_recovery": "default"
              }
            ],
            "metadata_options": [
              {
                "http_endpoint": "enabled",
                "http_protocol_ipv6": "disabled",
                "http_put_response_hop_limit": 2,
                "http_tokens": "required",
                "instance_metadata_tags": "disabled"
              }
            ],
            "monitoring": false,
            "network_interface": [],
            "outpost_arn": "",
            "password_data": "",
            "placement_group": "",
            "placement_group_id": "",
            "placement_partition_number": 0,
            "primary_network_interface": [
              {
                "delete_on_termination": true,
                "network_interface_id": "eni-0107d29fbf72ab391"
              }
            ],
            "primary_network_interface_id": "eni-0107d29fbf72ab391",
            "private_dns": "ip-172-31-7-59.us-west-2.compute.internal",
            "private_dns_name_options": [
              {
                "enable_resource_name_dns_a_record": false,
                "enable_resource_name_dns_aaaa_record": false,
                "hostname_type": "ip-name"
              }
            ],
            "private_ip": "172.31.7.59",
            "public_dns": "ec2-18-237-167-128.us-west-2.compute.amazonaws.com",
            "public_ip": "18.237.167.128",
            "region": "us-west-2",
            "root_block_device": [
              {
                "delete_on_termination": true,
                "device_name": "/dev/sda1",
                "encrypted": false,
                "iops": 3000,
                "kms_key_id": "",
                "tags": {},
                "tags_all": {},
                "throughput": 125,
                "volume_id": "vol-0dd083b87f7a6b073",
                "volume_size": 15,
                "volume_type": "gp3"
              }
            ],
            "secondary_network_interface": [],
            "secondary_private_ips": [],
            "security_groups": [
              "mpsaps_security"
            ],
            "source_dest_check": true,
            "spot_instance_request_id": "",
            "subnet_id": "subnet-0f0e9218e9eaf07fc",
            "tags": {
              "Name": "yashika"
            },
            "tags_all": {
              "Name": "yashika"
            },
            "tenancy": "default",
            "timeouts": null,
            "user_data": null,
            "user_data_base64": null,
            "user_data_replace_on_change": false,
            "volume_tags": null,
            "vpc_security_group_ids": [
              "sg-0c59a927ba8786b83"
            ]
          },
          "sensitive_attributes": [],
          "identity_schema_version": 0,
          "identity": {
            "account_id": "800380166662",
            "id": "i-054a05fa7a1193265",
            "region": "us-west-2"
          },
          "private": "eyJlMmJmYjczMC1lY2FhLTExZTYtOGY4OC0zNDM2M2JjN2M0YzAiOnsiY3JlYXRlIjo2MDAwMDAwMDAwMDAsImRlbGV0ZSI6MTIwMDAwMDAwMDAwMCwicmVhZCI6OTAwMDAwMDAwMDAwLCJ1cGRhdGUiOjYwMDAwMDAwMDAwMH0sInNjaGVtYV92ZXJzaW9uIjoiMiJ9",
          "dependencies": [
            "aws_default_vpc.mpsaps_vpc",
            "aws_key_pair.my_key",
            "aws_security_group.mpsaps_sg"
          ]
        }
      ]
    },
    {
      "mode": "managed",
      "type": "aws_key_pair",
      "name": "my_key",
      "provider": "provider[\"registry.terraform.io/hashicorp/aws\"]",
      "instances": [
        {
          "schema_version": 1,
          "attributes": {
            "arn": "arn:aws:ec2:us-west-2:800380166662:key-pair/terraform-key",
            "fingerprint": "SnYQtLh+h93pEutaniHgabavsPXCckU1aI6FgEAboyw=",
            "id": "terraform-key",
            "key_name": "terraform-key",
            "key_name_prefix": "",
            "key_pair_id": "key-01cd228c374291936",
            "key_type": "ed25519",
            "public_key": "ssh-ed25519 AAAAC3NzaC1lZDI1NTE5AAAAICjhFZMkwAovEdz0e7vZdbQO/j05FBpFmiDmSSDOgZVh mpsaps@Pradeep-PC",
            "region": "us-west-2",
            "tags": {},
            "tags_all": {}
          },
          "sensitive_attributes": [],
          "identity_schema_version": 0,
          "private": "eyJzY2hlbWFfdmVyc2lvbiI6IjEifQ=="
        }
      ]
    },
    {
      "mode": "managed",
      "type": "aws_security_group",
      "name": "mpsaps_sg",
      "provider": "provider[\"registry.terraform.io/hashicorp/aws\"]",
      "instances": [
        {
          "schema_version": 1,
          "attributes": {
            "arn": "arn:aws:ec2:us-west-2:800380166662:security-group/sg-0c59a927ba8786b83",
            "description": "Managed by Terraform",
            "egress": [
              {
                "cidr_blocks": [
                  "0.0.0.0/0"
                ],
                "description": "",
                "from_port": 0,
                "ipv6_cidr_blocks": [],
                "prefix_list_ids": [],
                "protocol": "-1",
                "security_groups": [],
                "self": false,
                "to_port": 0
              }
            ],
            "id": "sg-0c59a927ba8786b83",
            "ingress": [
              {
                "cidr_blocks": [
                  "0.0.0.0/0"
                ],
                "description": "",
                "from_port": 22,
                "ipv6_cidr_blocks": [],
                "prefix_list_ids": [],
                "protocol": "tcp",
                "security_groups": [],
                "self": false,
                "to_port": 22
              },
              {
                "cidr_blocks": [
                  "0.0.0.0/0"
                ],
                "description": "",
                "from_port": 80,
                "ipv6_cidr_blocks": [],
                "prefix_list_ids": [],
                "protocol": "tcp",
                "security_groups": [],
                "self": false,
                "to_port": 80
              }
            ],
            "name": "mpsaps_security",
            "name_prefix": "",
            "owner_id": "800380166662",
            "region": "us-west-2",
            "revoke_rules_on_delete": false,
            "tags": {},
            "tags_all": {},
            "timeouts": null,
            "vpc_id": "vpc-0e69c474f21408bd5"
          },
          "sensitive_attributes": [],
          "identity_schema_version": 0,
          "identity": {
            "account_id": "800380166662",
            "id": "sg-0c59a927ba8786b83",
            "region": "us-west-2"
          },
          "private": "eyJlMmJmYjczMC1lY2FhLTExZTYtOGY4OC0zNDM2M2JjN2M0YzAiOnsiY3JlYXRlIjo2MDAwMDAwMDAwMDAsImRlbGV0ZSI6OTAwMDAwMDAwMDAwfSwic2NoZW1hX3ZlcnNpb24iOiIxIn0=",
          "dependencies": [
            "aws_default_vpc.mpsaps_vpc"
          ]
        }
      ]
    }
  ],
  "check_results": null
}
